
Microsoft Visual Studio Solution File, Format Version 12.00
# Visual Studio Version 16
VisualStudioVersion = 16.0.31112.23
MinimumVisualStudioVersion = 10.0.40219.1
Project("{9A19103F-16F7-4668-BE54-9A1E7A4F7556}") = "CourierService.Console", "CourierService.Console\CourierService.Console.csproj", "{E23CA508-2205-4A50-81DC-241128D97E2B}"
EndProject
Project("{9A19103F-16F7-4668-BE54-9A1E7A4F7556}") = "CourierService", "CourierService\CourierService.csproj", "{C9BC50CB-C721-49A3-8D10-F1DB964F4C9E}"
EndProject
Project("{9A19103F-16F7-4668-BE54-9A1E7A4F7556}") = "CourierService.Tests", "CourierService.Tests\CourierService.Tests.csproj", "{32708550-F981-4DBE-A2B6-232059DF007E}"
EndProject
Global
	GlobalSection(SolutionConfigurationPlatforms) = preSolution
		Debug|Any CPU = Debug|Any CPU
		Release|Any CPU = Release|Any CPU
	EndGlobalSection
	GlobalSection(ProjectConfigurationPlatforms) = postSolution
		{E23CA508-2205-4A50-81DC-241128D97E2B}.Debug|Any CPU.ActiveCfg = Debug|Any CPU
		{E23CA508-2205-4A50-81DC-241128D97E2B}.Debug|Any CPU.Build.0 = Debug|Any CPU
		{E23CA508-2205-4A50-81DC-241128D97E2B}.Release|Any CPU.ActiveCfg = Release|Any CPU
		{E23CA508-2205-4A50-81DC-241128D97E2B}.Release|Any CPU.Build.0 = Release|Any CPU
		{C9BC50CB-C721-49A3-8D10-F1DB964F4C9E}.Debug|Any CPU.ActiveCfg = Debug|Any CPU
		{C9BC50CB-C721-49A3-8D10-F1DB964F4C9E}.Debug|Any CPU.Build.0 = Debug|Any CPU
		{C9BC50CB-C721-49A3-8D10-F1DB964F4C9E}.Release|Any CPU.ActiveCfg = Release|Any CPU
		{C9BC50CB-C721-49A3-8D10-F1DB964F4C9E}.Release|Any CPU.Build.0 = Release|Any CPU
		{32708550-F981-4DBE-A2B6-232059DF007E}.Debug|Any CPU.ActiveCfg = Debug|Any CPU
		{32708550-F981-4DBE-A2B6-232059DF007E}.Debug|Any CPU.Build.0 = Debug|Any CPU
		{32708550-F981-4DBE-A2B6-232059DF007E}.Release|Any CPU.ActiveCfg = Release|Any CPU
		{32708550-F981-4DBE-A2B6-232059DF007E}.Release|Any CPU.Build.0 = Release|Any CPU
	EndGlobalSection
	GlobalSection(SolutionProperties) = preSolution
		HideSolutionNode = FALSE
	EndGlobalSection
	GlobalSection(ExtensibilityGlobals) = postSolution
		SolutionGuid = {70820629-30BB-4BB0-AC76-A23906C65687}
	EndGlobalSection
EndGlobal
